// !$*UTF8*$!
{
	archiveVersion = 1;
	classes = {
	};
	objectVersion = 48;
	objects = {

/* Begin PBXBuildFile section */
		BE0750B21FEB6C08000B57F9 /* AppDelegate.swift in Sources */ = {isa = PBXBuildFile; fileRef = BE0750B11FEB6C08000B57F9 /* AppDelegate.swift */; };
		BE0750B41FEB6C08000B57F9 /* ViewController.swift in Sources */ = {isa = PBXBuildFile; fileRef = BE0750B31FEB6C08000B57F9 /* ViewController.swift */; };
		BE0750B71FEB6C08000B57F9 /* Main.storyboard in Resources */ = {isa = PBXBuildFile; fileRef = BE0750B51FEB6C08000B57F9 /* Main.storyboard */; };
		BE0750B91FEB6C08000B57F9 /* Assets.xcassets in Resources */ = {isa = PBXBuildFile; fileRef = BE0750B81FEB6C08000B57F9 /* Assets.xcassets */; };
		BE0750BC1FEB6C08000B57F9 /* LaunchScreen.storyboard in Resources */ = {isa = PBXBuildFile; fileRef = BE0750BA1FEB6C08000B57F9 /* LaunchScreen.storyboard */; };
		BE0750C71FEB6C09000B57F9 /* XMobile_VER2_0Tests.swift in Sources */ = {isa = PBXBuildFile; fileRef = BE0750C61FEB6C09000B57F9 /* XMobile_VER2_0Tests.swift */; };
		BE0750D21FEB6C09000B57F9 /* XMobile_VER2_0UITests.swift in Sources */ = {isa = PBXBuildFile; fileRef = BE0750D11FEB6C09000B57F9 /* XMobile_VER2_0UITests.swift */; };
		BE0750E61FEB6E54000B57F9 /* history.png in Resources */ = {isa = PBXBuildFile; fileRef = BE0750E01FEB6E53000B57F9 /* history.png */; };
		BE0750E71FEB6E54000B57F9 /* settings.png in Resources */ = {isa = PBXBuildFile; fileRef = BE0750E11FEB6E53000B57F9 /* settings.png */; };
		BE0750E81FEB6E54000B57F9 /* star.png in Resources */ = {isa = PBXBuildFile; fileRef = BE0750E21FEB6E53000B57F9 /* star.png */; };
		BE0750E91FEB6E54000B57F9 /* folder_light.png in Resources */ = {isa = PBXBuildFile; fileRef = BE0750E31FEB6E53000B57F9 /* folder_light.png */; };
		BE0750EA1FEB6E54000B57F9 /* star_pig.png in Resources */ = {isa = PBXBuildFile; fileRef = BE0750E41FEB6E53000B57F9 /* star_pig.png */; };
		BE0750EB1FEB6E54000B57F9 /* logo.png in Resources */ = {isa = PBXBuildFile; fileRef = BE0750E51FEB6E54000B57F9 /* logo.png */; };
		BE0750ED1FEB6E6C000B57F9 /* logo_big.png in Resources */ = {isa = PBXBuildFile; fileRef = BE0750EC1FEB6E6C000B57F9 /* logo_big.png */; };
		BE07510F1FEB6F9B000B57F9 /* SwiftHTTP.framework in Frameworks */ = {isa = PBXBuildFile; fileRef = BE0750F41FEB6F88000B57F9 /* SwiftHTTP.framework */; };
		BE0751101FEB6F9B000B57F9 /* SwiftHTTP.framework in Embed Frameworks */ = {isa = PBXBuildFile; fileRef = BE0750F41FEB6F88000B57F9 /* SwiftHTTP.framework */; settings = {ATTRIBUTES = (CodeSignOnCopy, RemoveHeadersOnCopy, ); }; };
		BE0751141FEB6FA0000B57F9 /* JSONJoy.framework in Frameworks */ = {isa = PBXBuildFile; fileRef = BE0751021FEB6F92000B57F9 /* JSONJoy.framework */; };
		BE0751151FEB6FA0000B57F9 /* JSONJoy.framework in Embed Frameworks */ = {isa = PBXBuildFile; fileRef = BE0751021FEB6F92000B57F9 /* JSONJoy.framework */; settings = {ATTRIBUTES = (CodeSignOnCopy, RemoveHeadersOnCopy, ); }; };
/* End PBXBuildFile section */

/* Begin PBXContainerItemProxy section */
		BE0750C31FEB6C08000B57F9 /* PBXContainerItemProxy */ = {
			isa = PBXContainerItemProxy;
			containerPortal = BE0750A61FEB6C08000B57F9 /* Project object */;
			proxyType = 1;
			remoteGlobalIDString = BE0750AD1FEB6C08000B57F9;
			remoteInfo = XMobile_VER2.0;
		};
		BE0750CE1FEB6C09000B57F9 /* PBXContainerItemProxy */ = {
			isa = PBXContainerItemProxy;
			containerPortal = BE0750A61FEB6C08000B57F9 /* Project object */;
			proxyType = 1;
			remoteGlobalIDString = BE0750AD1FEB6C08000B57F9;
			remoteInfo = XMobile_VER2.0;
		};
		BE0750F31FEB6F88000B57F9 /* PBXContainerItemProxy */ = {
			isa = PBXContainerItemProxy;
			containerPortal = BE0750EE1FEB6F88000B57F9 /* SwiftHTTP.xcodeproj */;
			proxyType = 2;
			remoteGlobalIDString = 6BFD901619C8D8B500DD99B6;
			remoteInfo = SwiftHTTP;
		};
		BE0750F51FEB6F88000B57F9 /* PBXContainerItemProxy */ = {
			isa = PBXContainerItemProxy;
			containerPortal = BE0750EE1FEB6F88000B57F9 /* SwiftHTTP.xcodeproj */;
			proxyType = 2;
			remoteGlobalIDString = 6BFD902119C8D8B500DD99B6;
			remoteInfo = SwiftHTTPTests;
		};
		BE0751011FEB6F92000B57F9 /* PBXContainerItemProxy */ = {
			isa = PBXContainerItemProxy;
			containerPortal = BE0750F71FEB6F92000B57F9 /* JSONJoy.xcodeproj */;
			proxyType = 2;
			remoteGlobalIDString = 6B3E79B719D355CF006071F7;
			remoteInfo = JSONJoy;
		};
		BE0751031FEB6F92000B57F9 /* PBXContainerItemProxy */ = {
			isa = PBXContainerItemProxy;
			containerPortal = BE0750F71FEB6F92000B57F9 /* JSONJoy.xcodeproj */;
			proxyType = 2;
			remoteGlobalIDString = 6B3E79C219D355CF006071F7;
			remoteInfo = JSONJoyTests;
		};
		BE0751051FEB6F92000B57F9 /* PBXContainerItemProxy */ = {
			isa = PBXContainerItemProxy;
			containerPortal = BE0750F71FEB6F92000B57F9 /* JSONJoy.xcodeproj */;
			proxyType = 2;
			remoteGlobalIDString = D958022E19E6ED8E003C8218;
			remoteInfo = JSONJoyOSX;
		};
		BE0751071FEB6F92000B57F9 /* PBXContainerItemProxy */ = {
			isa = PBXContainerItemProxy;
			containerPortal = BE0750F71FEB6F92000B57F9 /* JSONJoy.xcodeproj */;
			proxyType = 2;
			remoteGlobalIDString = D958023819E6ED8E003C8218;
			remoteInfo = JSONJoyOSXTests;
		};
		BE0751091FEB6F92000B57F9 /* PBXContainerItemProxy */ = {
			isa = PBXContainerItemProxy;
			containerPortal = BE0750F71FEB6F92000B57F9 /* JSONJoy.xcodeproj */;
			proxyType = 2;
			remoteGlobalIDString = 5C135EED1C4734BA00AA3A01;
			remoteInfo = JSONJoytvOS;
		};
		BE07510B1FEB6F92000B57F9 /* PBXContainerItemProxy */ = {
			isa = PBXContainerItemProxy;
			containerPortal = BE0750F71FEB6F92000B57F9 /* JSONJoy.xcodeproj */;
			proxyType = 2;
			remoteGlobalIDString = 5C135EF61C4734BA00AA3A01;
			remoteInfo = JSONJoytvOSTests;
		};
		BE07510D1FEB6F92000B57F9 /* PBXContainerItemProxy */ = {
			isa = PBXContainerItemProxy;
			containerPortal = BE0750F71FEB6F92000B57F9 /* JSONJoy.xcodeproj */;
			proxyType = 2;
			remoteGlobalIDString = 5C135FCB1C47392D00AA3A01;
			remoteInfo = JSONJoyWatchOS;
		};
		BE0751111FEB6F9B000B57F9 /* PBXContainerItemProxy */ = {
			isa = PBXContainerItemProxy;
			containerPortal = BE0750EE1FEB6F88000B57F9 /* SwiftHTTP.xcodeproj */;
			proxyType = 1;
			remoteGlobalIDString = 6BFD901519C8D8B500DD99B6;
			remoteInfo = SwiftHTTP;
		};
		BE0751161FEB6FA0000B57F9 /* PBXContainerItemProxy */ = {
			isa = PBXContainerItemProxy;
			containerPortal = BE0750F71FEB6F92000B57F9 /* JSONJoy.xcodeproj */;
			proxyType = 1;
			remoteGlobalIDString = 6B3E79B619D355CF006071F7;
			remoteInfo = JSONJoy;
		};
/* End PBXContainerItemProxy section */

/* Begin PBXCopyFilesBuildPhase section */
		BE0751131FEB6F9B000B57F9 /* Embed Frameworks */ = {
			isa = PBXCopyFilesBuildPhase;
			buildActionMask = 2147483647;
			dstPath = "";
			dstSubfolderSpec = 10;
			files = (
				BE0751101FEB6F9B000B57F9 /* SwiftHTTP.framework in Embed Frameworks */,
				BE0751151FEB6FA0000B57F9 /* JSONJoy.framework in Embed Frameworks */,
			);
			name = "Embed Frameworks";
			runOnlyForDeploymentPostprocessing = 0;
		};
/* End PBXCopyFilesBuildPhase section */

/* Begin PBXFileReference section */
		BE0750AE1FEB6C08000B57F9 /* XMobile_VER2.0.app */ = {isa = PBXFileReference; explicitFileType = wrapper.application; includeInIndex = 0; path = XMobile_VER2.0.app; sourceTree = BUILT_PRODUCTS_DIR; };
		BE0750B11FEB6C08000B57F9 /* AppDelegate.swift */ = {isa = PBXFileReference; lastKnownFileType = sourcecode.swift; path = AppDelegate.swift; sourceTree = "<group>"; };
		BE0750B31FEB6C08000B57F9 /* ViewController.swift */ = {isa = PBXFileReference; lastKnownFileType = sourcecode.swift; path = ViewController.swift; sourceTree = "<group>"; };
		BE0750B61FEB6C08000B57F9 /* Base */ = {isa = PBXFileReference; lastKnownFileType = file.storyboard; name = Base; path = Base.lproj/Main.storyboard; sourceTree = "<group>"; };
		BE0750B81FEB6C08000B57F9 /* Assets.xcassets */ = {isa = PBXFileReference; lastKnownFileType = folder.assetcatalog; path = Assets.xcassets; sourceTree = "<group>"; };
		BE0750BB1FEB6C08000B57F9 /* Base */ = {isa = PBXFileReference; lastKnownFileType = file.storyboard; name = Base; path = Base.lproj/LaunchScreen.storyboard; sourceTree = "<group>"; };
		BE0750BD1FEB6C08000B57F9 /* Info.plist */ = {isa = PBXFileReference; lastKnownFileType = text.plist.xml; path = Info.plist; sourceTree = "<group>"; };
		BE0750C21FEB6C08000B57F9 /* XMobile_VER2.0Tests.xctest */ = {isa = PBXFileReference; explicitFileType = wrapper.cfbundle; includeInIndex = 0; path = XMobile_VER2.0Tests.xctest; sourceTree = BUILT_PRODUCTS_DIR; };
		BE0750C61FEB6C09000B57F9 /* XMobile_VER2_0Tests.swift */ = {isa = PBXFileReference; lastKnownFileType = sourcecode.swift; path = XMobile_VER2_0Tests.swift; sourceTree = "<group>"; };
		BE0750C81FEB6C09000B57F9 /* Info.plist */ = {isa = PBXFileReference; lastKnownFileType = text.plist.xml; path = Info.plist; sourceTree = "<group>"; };
		BE0750CD1FEB6C09000B57F9 /* XMobile_VER2.0UITests.xctest */ = {isa = PBXFileReference; explicitFileType = wrapper.cfbundle; includeInIndex = 0; path = XMobile_VER2.0UITests.xctest; sourceTree = BUILT_PRODUCTS_DIR; };
		BE0750D11FEB6C09000B57F9 /* XMobile_VER2_0UITests.swift */ = {isa = PBXFileReference; lastKnownFileType = sourcecode.swift; path = XMobile_VER2_0UITests.swift; sourceTree = "<group>"; };
		BE0750D31FEB6C09000B57F9 /* Info.plist */ = {isa = PBXFileReference; lastKnownFileType = text.plist.xml; path = Info.plist; sourceTree = "<group>"; };
		BE0750E01FEB6E53000B57F9 /* history.png */ = {isa = PBXFileReference; lastKnownFileType = image.png; path = history.png; sourceTree = "<group>"; };
		BE0750E11FEB6E53000B57F9 /* settings.png */ = {isa = PBXFileReference; lastKnownFileType = image.png; path = settings.png; sourceTree = "<group>"; };
		BE0750E21FEB6E53000B57F9 /* star.png */ = {isa = PBXFileReference; lastKnownFileType = image.png; path = star.png; sourceTree = "<group>"; };
		BE0750E31FEB6E53000B57F9 /* folder_light.png */ = {isa = PBXFileReference; lastKnownFileType = image.png; path = folder_light.png; sourceTree = "<group>"; };
		BE0750E41FEB6E53000B57F9 /* star_pig.png */ = {isa = PBXFileReference; lastKnownFileType = image.png; path = star_pig.png; sourceTree = "<group>"; };
		BE0750E51FEB6E54000B57F9 /* logo.png */ = {isa = PBXFileReference; lastKnownFileType = image.png; path = logo.png; sourceTree = "<group>"; };
		BE0750EC1FEB6E6C000B57F9 /* logo_big.png */ = {isa = PBXFileReference; lastKnownFileType = image.png; path = logo_big.png; sourceTree = "<group>"; };
		BE0750EE1FEB6F88000B57F9 /* SwiftHTTP.xcodeproj */ = {isa = PBXFileReference; lastKnownFileType = "wrapper.pb-project"; name = SwiftHTTP.xcodeproj; path = "SwiftHTTP-master-3/SwiftHTTP.xcodeproj"; sourceTree = "<group>"; };
		BE0750F71FEB6F92000B57F9 /* JSONJoy.xcodeproj */ = {isa = PBXFileReference; lastKnownFileType = "wrapper.pb-project"; name = JSONJoy.xcodeproj; path = "JSONJoy-Swift-master-3/JSONJoy.xcodeproj"; sourceTree = "<group>"; };
/* End PBXFileReference section */

/* Begin PBXFrameworksBuildPhase section */
		BE0750AB1FEB6C08000B57F9 /* Frameworks */ = {
			isa = PBXFrameworksBuildPhase;
			buildActionMask = 2147483647;
			files = (
				BE07510F1FEB6F9B000B57F9 /* SwiftHTTP.framework in Frameworks */,
				BE0751141FEB6FA0000B57F9 /* JSONJoy.framework in Frameworks */,
			);
			runOnlyForDeploymentPostprocessing = 0;
		};
		BE0750BF1FEB6C08000B57F9 /* Frameworks */ = {
			isa = PBXFrameworksBuildPhase;
			buildActionMask = 2147483647;
			files = (
			);
			runOnlyForDeploymentPostprocessing = 0;
		};
		BE0750CA1FEB6C09000B57F9 /* Frameworks */ = {
			isa = PBXFrameworksBuildPhase;
			buildActionMask = 2147483647;
			files = (
			);
			runOnlyForDeploymentPostprocessing = 0;
		};
/* End PBXFrameworksBuildPhase section */

/* Begin PBXGroup section */
		BE0750A51FEB6C08000B57F9 = {
			isa = PBXGroup;
			children = (
				BE0750F71FEB6F92000B57F9 /* JSONJoy.xcodeproj */,
				BE0750EE1FEB6F88000B57F9 /* SwiftHTTP.xcodeproj */,
				BE0750B01FEB6C08000B57F9 /* XMobile_VER2.0 */,
				BE0750C51FEB6C09000B57F9 /* XMobile_VER2.0Tests */,
				BE0750D01FEB6C09000B57F9 /* XMobile_VER2.0UITests */,
				BE0750AF1FEB6C08000B57F9 /* Products */,
			);
			sourceTree = "<group>";
		};
		BE0750AF1FEB6C08000B57F9 /* Products */ = {
			isa = PBXGroup;
			children = (
				BE0750AE1FEB6C08000B57F9 /* XMobile_VER2.0.app */,
				BE0750C21FEB6C08000B57F9 /* XMobile_VER2.0Tests.xctest */,
				BE0750CD1FEB6C09000B57F9 /* XMobile_VER2.0UITests.xctest */,
			);
			name = Products;
			sourceTree = "<group>";
		};
		BE0750B01FEB6C08000B57F9 /* XMobile_VER2.0 */ = {
			isa = PBXGroup;
			children = (
				BE0750DF1FEB6C13000B57F9 /* Resource */,
				BE0750B11FEB6C08000B57F9 /* AppDelegate.swift */,
				BE0750B31FEB6C08000B57F9 /* ViewController.swift */,
				BE0750B51FEB6C08000B57F9 /* Main.storyboard */,
				BE0750B81FEB6C08000B57F9 /* Assets.xcassets */,
				BE0750BA1FEB6C08000B57F9 /* LaunchScreen.storyboard */,
				BE0750BD1FEB6C08000B57F9 /* Info.plist */,
			);
			path = XMobile_VER2.0;
			sourceTree = "<group>";
		};
		BE0750C51FEB6C09000B57F9 /* XMobile_VER2.0Tests */ = {
			isa = PBXGroup;
			children = (
				BE0750C61FEB6C09000B57F9 /* XMobile_VER2_0Tests.swift */,
				BE0750C81FEB6C09000B57F9 /* Info.plist */,
			);
			path = XMobile_VER2.0Tests;
			sourceTree = "<group>";
		};
		BE0750D01FEB6C09000B57F9 /* XMobile_VER2.0UITests */ = {
			isa = PBXGroup;
			children = (
				BE0750D11FEB6C09000B57F9 /* XMobile_VER2_0UITests.swift */,
				BE0750D31FEB6C09000B57F9 /* Info.plist */,
			);
			path = XMobile_VER2.0UITests;
			sourceTree = "<group>";
		};
		BE0750DF1FEB6C13000B57F9 /* Resource */ = {
			isa = PBXGroup;
			children = (
				BE0750EC1FEB6E6C000B57F9 /* logo_big.png */,
				BE0750E31FEB6E53000B57F9 /* folder_light.png */,
				BE0750E01FEB6E53000B57F9 /* history.png */,
				BE0750E51FEB6E54000B57F9 /* logo.png */,
				BE0750E11FEB6E53000B57F9 /* settings.png */,
				BE0750E41FEB6E53000B57F9 /* star_pig.png */,
				BE0750E21FEB6E53000B57F9 /* star.png */,
			);
			path = Resource;
			sourceTree = "<group>";
		};
		BE0750EF1FEB6F88000B57F9 /* Products */ = {
			isa = PBXGroup;
			children = (
				BE0750F41FEB6F88000B57F9 /* SwiftHTTP.framework */,
				BE0750F61FEB6F88000B57F9 /* SwiftHTTPTests.xctest */,
			);
			name = Products;
			sourceTree = "<group>";
		};
		BE0750F81FEB6F92000B57F9 /* Products */ = {
			isa = PBXGroup;
			children = (
				BE0751021FEB6F92000B57F9 /* JSONJoy.framework */,
				BE0751041FEB6F92000B57F9 /* JSONJoyTests.xctest */,
				BE0751061FEB6F92000B57F9 /* JSONJoy.framework */,
				BE0751081FEB6F92000B57F9 /* JSONJoyOSXTests.xctest */,
				BE07510A1FEB6F92000B57F9 /* JSONJoy.framework */,
				BE07510C1FEB6F92000B57F9 /* JSONJoytvOSTests.xctest */,
				BE07510E1FEB6F92000B57F9 /* JSONJoy.framework */,
			);
			name = Products;
			sourceTree = "<group>";
		};
/* End PBXGroup section */

/* Begin PBXNativeTarget section */
		BE0750AD1FEB6C08000B57F9 /* XMobile_VER2.0 */ = {
			isa = PBXNativeTarget;
			buildConfigurationList = BE0750D61FEB6C09000B57F9 /* Build configuration list for PBXNativeTarget "XMobile_VER2.0" */;
			buildPhases = (
				BE0750AA1FEB6C08000B57F9 /* Sources */,
				BE0750AB1FEB6C08000B57F9 /* Frameworks */,
				BE0750AC1FEB6C08000B57F9 /* Resources */,
				BE0751131FEB6F9B000B57F9 /* Embed Frameworks */,
			);
			buildRules = (
			);
			dependencies = (
				BE0751121FEB6F9B000B57F9 /* PBXTargetDependency */,
				BE0751171FEB6FA0000B57F9 /* PBXTargetDependency */,
			);
			name = XMobile_VER2.0;
			productName = XMobile_VER2.0;
			productReference = BE0750AE1FEB6C08000B57F9 /* XMobile_VER2.0.app */;
			productType = "com.apple.product-type.application";
		};
		BE0750C11FEB6C08000B57F9 /* XMobile_VER2.0Tests */ = {
			isa = PBXNativeTarget;
			buildConfigurationList = BE0750D91FEB6C09000B57F9 /* Build configuration list for PBXNativeTarget "XMobile_VER2.0Tests" */;
			buildPhases = (
				BE0750BE1FEB6C08000B57F9 /* Sources */,
				BE0750BF1FEB6C08000B57F9 /* Frameworks */,
				BE0750C01FEB6C08000B57F9 /* Resources */,
			);
			buildRules = (
			);
			dependencies = (
				BE0750C41FEB6C08000B57F9 /* PBXTargetDependency */,
			);
			name = XMobile_VER2.0Tests;
			productName = XMobile_VER2.0Tests;
			productReference = BE0750C21FEB6C08000B57F9 /* XMobile_VER2.0Tests.xctest */;
			productType = "com.apple.product-type.bundle.unit-test";
		};
		BE0750CC1FEB6C09000B57F9 /* XMobile_VER2.0UITests */ = {
			isa = PBXNativeTarget;
			buildConfigurationList = BE0750DC1FEB6C09000B57F9 /* Build configuration list for PBXNativeTarget "XMobile_VER2.0UITests" */;
			buildPhases = (
				BE0750C91FEB6C09000B57F9 /* Sources */,
				BE0750CA1FEB6C09000B57F9 /* Frameworks */,
				BE0750CB1FEB6C09000B57F9 /* Resources */,
			);
			buildRules = (
			);
			dependencies = (
				BE0750CF1FEB6C09000B57F9 /* PBXTargetDependency */,
			);
			name = XMobile_VER2.0UITests;
			productName = XMobile_VER2.0UITests;
			productReference = BE0750CD1FEB6C09000B57F9 /* XMobile_VER2.0UITests.xctest */;
			productType = "com.apple.product-type.bundle.ui-testing";
		};
/* End PBXNativeTarget section */

/* Begin PBXProject section */
		BE0750A61FEB6C08000B57F9 /* Project object */ = {
			isa = PBXProject;
			attributes = {
				LastSwiftUpdateCheck = 0920;
				LastUpgradeCheck = 0920;
				ORGANIZATIONNAME = Will;
				TargetAttributes = {
					BE0750AD1FEB6C08000B57F9 = {
						CreatedOnToolsVersion = 9.2;
						ProvisioningStyle = Automatic;
					};
					BE0750C11FEB6C08000B57F9 = {
						CreatedOnToolsVersion = 9.2;
						ProvisioningStyle = Automatic;
						TestTargetID = BE0750AD1FEB6C08000B57F9;
					};
					BE0750CC1FEB6C09000B57F9 = {
						CreatedOnToolsVersion = 9.2;
						ProvisioningStyle = Automatic;
						TestTargetID = BE0750AD1FEB6C08000B57F9;
					};
				};
			};
			buildConfigurationList = BE0750A91FEB6C08000B57F9 /* Build configuration list for PBXProject "XMobile_VER2.0" */;
			compatibilityVersion = "Xcode 8.0";
			developmentRegion = en;
			hasScannedForEncodings = 0;
			knownRegions = (
				en,
				Base,
			);
			mainGroup = BE0750A51FEB6C08000B57F9;
			productRefGroup = BE0750AF1FEB6C08000B57F9 /* Products */;
			projectDirPath = "";
			projectReferences = (
				{
					ProductGroup = BE0750F81FEB6F92000B57F9 /* Products */;
					ProjectRef = BE0750F71FEB6F92000B57F9 /* JSONJoy.xcodeproj */;
				},
				{
					ProductGroup = BE0750EF1FEB6F88000B57F9 /* Products */;
					ProjectRef = BE0750EE1FEB6F88000B57F9 /* SwiftHTTP.xcodeproj */;
				},
			);
			projectRoot = "";
			targets = (
				BE0750AD1FEB6C08000B57F9 /* XMobile_VER2.0 */,
				BE0750C11FEB6C08000B57F9 /* XMobile_VER2.0Tests */,
				BE0750CC1FEB6C09000B57F9 /* XMobile_VER2.0UITests */,
			);
		};
/* End PBXProject section */

/* Begin PBXReferenceProxy section */
		BE0750F41FEB6F88000B57F9 /* SwiftHTTP.framework */ = {
			isa = PBXReferenceProxy;
			fileType = wrapper.framework;
			path = SwiftHTTP.framework;
			remoteRef = BE0750F31FEB6F88000B57F9 /* PBXContainerItemProxy */;
			sourceTree = BUILT_PRODUCTS_DIR;
		};
		BE0750F61FEB6F88000B57F9 /* SwiftHTTPTests.xctest */ = {
			isa = PBXReferenceProxy;
			fileType = wrapper.cfbundle;
			path = SwiftHTTPTests.xctest;
			remoteRef = BE0750F51FEB6F88000B57F9 /* PBXContainerItemProxy */;
			sourceTree = BUILT_PRODUCTS_DIR;
		};
		BE0751021FEB6F92000B57F9 /* JSONJoy.framework */ = {
			isa = PBXReferenceProxy;
			fileType = wrapper.framework;
			path = JSONJoy.framework;
			remoteRef = BE0751011FEB6F92000B57F9 /* PBXContainerItemProxy */;
			sourceTree = BUILT_PRODUCTS_DIR;
		};
		BE0751041FEB6F92000B57F9 /* JSONJoyTests.xctest */ = {
			isa = PBXReferenceProxy;
			fileType = wrapper.cfbundle;
			path = JSONJoyTests.xctest;
			remoteRef = BE0751031FEB6F92000B57F9 /* PBXContainerItemProxy */;
			sourceTree = BUILT_PRODUCTS_DIR;
		};
		BE0751061FEB6F92000B57F9 /* JSONJoy.framework */ = {
			isa = PBXReferenceProxy;
			fileType = wrapper.framework;
			path = JSONJoy.framework;
			remoteRef = BE0751051FEB6F92000B57F9 /* PBXContainerItemProxy */;
			sourceTree = BUILT_PRODUCTS_DIR;
		};
		BE0751081FEB6F92000B57F9 /* JSONJoyOSXTests.xctest */ = {
			isa = PBXReferenceProxy;
			fileType = wrapper.cfbundle;
			path = JSONJoyOSXTests.xctest;
			remoteRef = BE0751071FEB6F92000B57F9 /* PBXContainerItemProxy */;
			sourceTree = BUILT_PRODUCTS_DIR;
		};
		BE07510A1FEB6F92000B57F9 /* JSONJoy.framework */ = {
			isa = PBXReferenceProxy;
			fileType = wrapper.framework;
			path = JSONJoy.framework;
			remoteRef = BE0751091FEB6F92000B57F9 /* PBXContainerItemProxy */;
			sourceTree = BUILT_PRODUCTS_DIR;
		};
		BE07510C1FEB6F92000B57F9 /* JSONJoytvOSTests.xctest */ = {
			isa = PBXReferenceProxy;
			fileType = wrapper.cfbundle;
			path = JSONJoytvOSTests.xctest;
			remoteRef = BE07510B1FEB6F92000B57F9 /* PBXContainerItemProxy */;
			sourceTree = BUILT_PRODUCTS_DIR;
		};
		BE07510E1FEB6F92000B57F9 /* JSONJoy.framework */ = {
			isa = PBXReferenceProxy;
			fileType = wrapper.framework;
			path = JSONJoy.framework;
			remoteRef = BE07510D1FEB6F92000B57F9 /* PBXContainerItemProxy */;
			sourceTree = BUILT_PRODUCTS_DIR;
		};
/* End PBXReferenceProxy section */

/* Begin PBXResourcesBuildPhase section */
		BE0750AC1FEB6C08000B57F9 /* Resources */ = {
			isa = PBXResourcesBuildPhase;
			buildActionMask = 2147483647;
			files = (
				BE0750EA1FEB6E54000B57F9 /* star_pig.png in Resources */,
				BE0750E61FEB6E54000B57F9 /* history.png in Resources */,
				BE0750EB1FEB6E54000B57F9 /* logo.png in Resources */,
				BE0750ED1FEB6E6C000B57F9 /* logo_big.png in Resources */,
				BE0750E71FEB6E54000B57F9 /* settings.png in Resources */,
				BE0750BC1FEB6C08000B57F9 /* LaunchScreen.storyboard in Resources */,
				BE0750B91FEB6C08000B57F9 /* Assets.xcassets in Resources */,
				BE0750B71FEB6C08000B57F9 /* Main.storyboard in Resources */,
				BE0750E81FEB6E54000B57F9 /* star.png in Resources */,
				BE0750E91FEB6E54000B57F9 /* folder_light.png in Resources */,
			);
			runOnlyForDeploymentPostprocessing = 0;
		};
		BE0750C01FEB6C08000B57F9 /* Resources */ = {
			isa = PBXResourcesBuildPhase;
			buildActionMask = 2147483647;
			files = (
			);
			runOnlyForDeploymentPostprocessing = 0;
		};
		BE0750CB1FEB6C09000B57F9 /* Resources */ = {
			isa = PBXResourcesBuildPhase;
			buildActionMask = 2147483647;
			files = (
			);
			runOnlyForDeploymentPostprocessing = 0;
		};
/* End PBXResourcesBuildPhase section */

/* Begin PBXSourcesBuildPhase section */
		BE0750AA1FEB6C08000B57F9 /* Sources */ = {
			isa = PBXSourcesBuildPhase;
			buildActionMask = 2147483647;
			files = (
				BE0750B41FEB6C08000B57F9 /* ViewController.swift in Sources */,
				BE0750B21FEB6C08000B57F9 /* AppDelegate.swift in Sources */,
			);
			runOnlyForDeploymentPostprocessing = 0;
		};
		BE0750BE1FEB6C08000B57F9 /* Sources */ = {
			isa = PBXSourcesBuildPhase;
			buildActionMask = 2147483647;
			files = (
				BE0750C71FEB6C09000B57F9 /* XMobile_VER2_0Tests.swift in Sources */,
			);
			runOnlyForDeploymentPostprocessing = 0;
		};
		BE0750C91FEB6C09000B57F9 /* Sources */ = {
			isa = PBXSourcesBuildPhase;
			buildActionMask = 2147483647;
			files = (
				BE0750D21FEB6C09000B57F9 /* XMobile_VER2_0UITests.swift in Sources */,
			);
			runOnlyForDeploymentPostprocessing = 0;
		};
/* End PBXSourcesBuildPhase section */

/* Begin PBXTargetDependency section */
		BE0750C41FEB6C08000B57F9 /* PBXTargetDependency */ = {
			isa = PBXTargetDependency;
			target = BE0750AD1FEB6C08000B57F9 /* XMobile_VER2.0 */;
			targetProxy = BE0750C31FEB6C08000B57F9 /* PBXContainerItemProxy */;
		};
		BE0750CF1FEB6C09000B57F9 /* PBXTargetDependency */ = {
			isa = PBXTargetDependency;
			target = BE0750AD1FEB6C08000B57F9 /* XMobile_VER2.0 */;
			targetProxy = BE0750CE1FEB6C09000B57F9 /* PBXContainerItemProxy */;
		};
		BE0751121FEB6F9B000B57F9 /* PBXTargetDependency */ = {
			isa = PBXTargetDependency;
			name = SwiftHTTP;
			targetProxy = BE0751111FEB6F9B000B57F9 /* PBXContainerItemProxy */;
		};
		BE0751171FEB6FA0000B57F9 /* PBXTargetDependency */ = {
			isa = PBXTargetDependency;
			name = JSONJoy;
			targetProxy = BE0751161FEB6FA0000B57F9 /* PBXContainerItemProxy */;
		};
/* End PBXTargetDependency section */

/* Begin PBXVariantGroup section */
		BE0750B51FEB6C08000B57F9 /* Main.storyboard */ = {
			isa = PBXVariantGroup;
			children = (
				BE0750B61FEB6C08000B57F9 /* Base */,
			);
			name = Main.storyboard;
			sourceTree = "<group>";
		};
		BE0750BA1FEB6C08000B57F9 /* LaunchScreen.storyboard */ = {
			isa = PBXVariantGroup;
			children = (
				BE0750BB1FEB6C08000B57F9 /* Base */,
			);
			name = LaunchScreen.storyboard;
			sourceTree = "<group>";
		};
/* End PBXVariantGroup section */

/* Begin XCBuildConfiguration section */
		BE0750D41FEB6C09000B57F9 /* Debug */ = {
			isa = XCBuildConfiguration;
			buildSettings = {
				ALWAYS_SEARCH_USER_PATHS = NO;
				CLANG_ANALYZER_NONNULL = YES;
				CLANG_ANALYZER_NUMBER_OBJECT_CONVERSION = YES_AGGRESSIVE;
				CLANG_CXX_LANGUAGE_STANDARD = "gnu++14";
				CLANG_CXX_LIBRARY = "libc++";
				CLANG_ENABLE_MODULES = YES;
				CLANG_ENABLE_OBJC_ARC = YES;
				CLANG_WARN_BLOCK_CAPTURE_AUTORELEASING = YES;
				CLANG_WARN_BOOL_CONVERSION = YES;
				CLANG_WARN_COMMA = YES;
				CLANG_WARN_CONSTANT_CONVERSION = YES;
				CLANG_WARN_DIRECT_OBJC_ISA_USAGE = YES_ERROR;
				CLANG_WARN_DOCUMENTATION_COMMENTS = YES;
				CLANG_WARN_EMPTY_BODY = YES;
				CLANG_WARN_ENUM_CONVERSION = YES;
				CLANG_WARN_INFINITE_RECURSION = YES;
				CLANG_WARN_INT_CONVERSION = YES;
				CLANG_WARN_NON_LITERAL_NULL_CONVERSION = YES;
				CLANG_WARN_OBJC_LITERAL_CONVERSION = YES;
				CLANG_WARN_OBJC_ROOT_CLASS = YES_ERROR;
				CLANG_WARN_RANGE_LOOP_ANALYSIS = YES;
				CLANG_WARN_STRICT_PROTOTYPES = YES;
				CLANG_WARN_SUSPICIOUS_MOVE = YES;
				CLANG_WARN_UNGUARDED_AVAILABILITY = YES_AGGRESSIVE;
				CLANG_WARN_UNREACHABLE_CODE = YES;
				CLANG_WARN__DUPLICATE_METHOD_MATCH = YES;
				CODE_SIGN_IDENTITY = "iPhone Developer";
				COPY_PHASE_STRIP = NO;
				DEBUG_INFORMATION_FORMAT = dwarf;
				ENABLE_STRICT_OBJC_MSGSEND = YES;
				ENABLE_TESTABILITY = YES;
				GCC_C_LANGUAGE_STANDARD = gnu11;
				GCC_DYNAMIC_NO_PIC = NO;
				GCC_NO_COMMON_BLOCKS = YES;
				GCC_OPTIMIZATION_LEVEL = 0;
				GCC_PREPROCESSOR_DEFINITIONS = (
					"DEBUG=1",
					"$(inherited)",
				);
				GCC_WARN_64_TO_32_BIT_CONVERSION = YES;
				GCC_WARN_ABOUT_RETURN_TYPE = YES_ERROR;
				GCC_WARN_UNDECLARED_SELECTOR = YES;
				GCC_WARN_UNINITIALIZED_AUTOS = YES_AGGRESSIVE;
				GCC_WARN_UNUSED_FUNCTION = YES;
				GCC_WARN_UNUSED_VARIABLE = YES;
				IPHONEOS_DEPLOYMENT_TARGET = 11.2;
				MTL_ENABLE_DEBUG_INFO = YES;
				ONLY_ACTIVE_ARCH = YES;
				SDKROOT = iphoneos;
				SWIFT_ACTIVE_COMPILATION_CONDITIONS = DEBUG;
				SWIFT_OPTIMIZATION_LEVEL = "-Onone";
			};
			name = Debug;
		};
		BE0750D51FEB6C09000B57F9 /* Release */ = {
			isa = XCBuildConfiguration;
			buildSettings = {
				ALWAYS_SEARCH_USER_PATHS = NO;
				CLANG_ANALYZER_NONNULL = YES;
				CLANG_ANALYZER_NUMBER_OBJECT_CONVERSION = YES_AGGRESSIVE;
				CLANG_CXX_LANGUAGE_STANDARD = "gnu++14";
				CLANG_CXX_LIBRARY = "libc++";
				CLANG_ENABLE_MODULES = YES;
				CLANG_ENABLE_OBJC_ARC = YES;
				CLANG_WARN_BLOCK_CAPTURE_AUTORELEASING = YES;
				CLANG_WARN_BOOL_CONVERSION = YES;
				CLANG_WARN_COMMA = YES;
				CLANG_WARN_CONSTANT_CONVERSION = YES;
				CLANG_WARN_DIRECT_OBJC_ISA_USAGE = YES_ERROR;
				CLANG_WARN_DOCUMENTATION_COMMENTS = YES;
				CLANG_WARN_EMPTY_BODY = YES;
				CLANG_WARN_ENUM_CONVERSION = YES;
				CLANG_WARN_INFINITE_RECURSION = YES;
				CLANG_WARN_INT_CONVERSION = YES;
				CLANG_WARN_NON_LITERAL_NULL_CONVERSION = YES;
				CLANG_WARN_OBJC_LITERAL_CONVERSION = YES;
				CLANG_WARN_OBJC_ROOT_CLASS = YES_ERROR;
				CLANG_WARN_RANGE_LOOP_ANALYSIS = YES;
				CLANG_WARN_STRICT_PROTOTYPES = YES;
				CLANG_WARN_SUSPICIOUS_MOVE = YES;
				CLANG_WARN_UNGUARDED_AVAILABILITY = YES_AGGRESSIVE;
				CLANG_WARN_UNREACHABLE_CODE = YES;
				CLANG_WARN__DUPLICATE_METHOD_MATCH = YES;
				CODE_SIGN_IDENTITY = "iPhone Developer";
				COPY_PHASE_STRIP = NO;
				DEBUG_INFORMATION_FORMAT = "dwarf-with-dsym";
				ENABLE_NS_ASSERTIONS = NO;
				ENABLE_STRICT_OBJC_MSGSEND = YES;
				GCC_C_LANGUAGE_STANDARD = gnu11;
				GCC_NO_COMMON_BLOCKS = YES;
				GCC_WARN_64_TO_32_BIT_CONVERSION = YES;
				GCC_WARN_ABOUT_RETURN_TYPE = YES_ERROR;
				GCC_WARN_UNDECLARED_SELECTOR = YES;
				GCC_WARN_UNINITIALIZED_AUTOS = YES_AGGRESSIVE;
				GCC_WARN_UNUSED_FUNCTION = YES;
				GCC_WARN_UNUSED_VARIABLE = YES;
				IPHONEOS_DEPLOYMENT_TARGET = 11.2;
				MTL_ENABLE_DEBUG_INFO = NO;
				SDKROOT = iphoneos;
				SWIFT_OPTIMIZATION_LEVEL = "-Owholemodule";
				VALIDATE_PRODUCT = YES;
			};
			name = Release;
		};
		BE0750D71FEB6C09000B57F9 /* Debug */ = {
			isa = XCBuildConfiguration;
			buildSettings = {
				ALWAYS_EMBED_SWIFT_STANDARD_LIBRARIES = YES;
				ASSETCATALOG_COMPILER_APPICON_NAME = AppIcon;
				CODE_SIGN_STYLE = Automatic;
				INFOPLIST_FILE = XMobile_VER2.0/Info.plist;
				LD_RUNPATH_SEARCH_PATHS = "$(inherited) @executable_path/Frameworks";
				PRODUCT_BUNDLE_IDENTIFIER = "inzent.XMobile-VER2-0";
				PRODUCT_NAME = "$(TARGET_NAME)";
				SWIFT_VERSION = 4.0;
				TARGETED_DEVICE_FAMILY = "1,2";
			};
			name = Debug;
		};
		BE0750D81FEB6C09000B57F9 /* Release */ = {
			isa = XCBuildConfiguration;
			buildSettings = {
				ALWAYS_EMBED_SWIFT_STANDARD_LIBRARIES = YES;
				ASSETCATALOG_COMPILER_APPICON_NAME = AppIcon;
				CODE_SIGN_STYLE = Automatic;
				INFOPLIST_FILE = XMobile_VER2.0/Info.plist;
				LD_RUNPATH_SEARCH_PATHS = "$(inherited) @executable_path/Frameworks";
				PRODUCT_BUNDLE_IDENTIFIER = "inzent.XMobile-VER2-0";
				PRODUCT_NAME = "$(TARGET_NAME)";
				SWIFT_VERSION = 4.0;
				TARGETED_DEVICE_FAMILY = "1,2";
			};
			name = Release;
		};
		BE0750DA1FEB6C09000B57F9 /* Debug */ = {
			isa = XCBuildConfiguration;
			buildSettings = {
				ALWAYS_EMBED_SWIFT_STANDARD_LIBRARIES = YES;
				BUNDLE_LOADER = "$(TEST_HOST)";
				CODE_SIGN_STYLE = Automatic;
				INFOPLIST_FILE = XMobile_VER2.0Tests/Info.plist;
				LD_RUNPATH_SEARCH_PATHS = "$(inherited) @executable_path/Frameworks @loader_path/Frameworks";
				PRODUCT_BUNDLE_IDENTIFIER = "inzent.XMobile-VER2-0Tests";
				PRODUCT_NAME = "$(TARGET_NAME)";
				SWIFT_VERSION = 4.0;
				TARGETED_DEVICE_FAMILY = "1,2";
				TEST_HOST = "$(BUILT_PRODUCTS_DIR)/XMobile_VER2.0.app/XMobile_VER2.0";
			};
			name = Debug;
		};
		BE0750DB1FEB6C09000B57F9 /* Release */ = {
			isa = XCBuildConfiguration;
			buildSettings = {
				ALWAYS_EMBED_SWIFT_STANDARD_LIBRARIES = YES;
				BUNDLE_LOADER = "$(TEST_HOST)";
				CODE_SIGN_STYLE = Automatic;
				INFOPLIST_FILE = XMobile_VER2.0Tests/Info.plist;
				LD_RUNPATH_SEARCH_PATHS = "$(inherited) @executable_path/Frameworks @loader_path/Frameworks";
				PRODUCT_BUNDLE_IDENTIFIER = "inzent.XMobile-VER2-0Tests";
				PRODUCT_NAME = "$(TARGET_NAME)";
				SWIFT_VERSION = 4.0;
				TARGETED_DEVICE_FAMILY = "1,2";
				TEST_HOST = "$(BUILT_PRODUCTS_DIR)/XMobile_VER2.0.app/XMobile_VER2.0";
			};
			name = Release;
		};
		BE0750DD1FEB6C09000B57F9 /* Debug */ = {
			isa = XCBuildConfiguration;
			buildSettings = {
				ALWAYS_EMBED_SWIFT_STANDARD_LIBRARIES = YES;
				CODE_SIGN_STYLE = Automatic;
				INFOPLIST_FILE = XMobile_VER2.0UITests/Info.plist;
				LD_RUNPATH_SEARCH_PATHS = "$(inherited) @executable_path/Frameworks @loader_path/Frameworks";
				PRODUCT_BUNDLE_IDENTIFIER = "inzent.XMobile-VER2-0UITests";
				PRODUCT_NAME = "$(TARGET_NAME)";
				SWIFT_VERSION = 4.0;
				TARGETED_DEVICE_FAMILY = "1,2";
				TEST_TARGET_NAME = XMobile_VER2.0;
			};
			name = Debug;
		};
		BE0750DE1FEB6C09000B57F9 /* Release */ = {
			isa = XCBuildConfiguration;
			buildSettings = {
				ALWAYS_EMBED_SWIFT_STANDARD_LIBRARIES = YES;
				CODE_SIGN_STYLE = Automatic;
				INFOPLIST_FILE = XMobile_VER2.0UITests/Info.plist;
				LD_RUNPATH_SEARCH_PATHS = "$(inherited) @executable_path/Frameworks @loader_path/Frameworks";
				PRODUCT_BUNDLE_IDENTIFIER = "inzent.XMobile-VER2-0UITests";
				PRODUCT_NAME = "$(TARGET_NAME)";
				SWIFT_VERSION = 4.0;
				TARGETED_DEVICE_FAMILY = "1,2";
				TEST_TARGET_NAME = XMobile_VER2.0;
			};
			name = Release;
		};
/* End XCBuildConfiguration section */

/* Begin XCConfigurationList section */
		BE0750A91FEB6C08000B57F9 /* Build configuration list for PBXProject "XMobile_VER2.0" */ = {
			isa = XCConfigurationList;
			buildConfigurations = (
				BE0750D41FEB6C09000B57F9 /* Debug */,
				BE0750D51FEB6C09000B57F9 /* Release */,
			);
			defaultConfigurationIsVisible = 0;
			defaultConfigurationName = Release;
		};
		BE0750D61FEB6C09000B57F9 /* Build configuration list for PBXNativeTarget "XMobile_VER2.0" */ = {
			isa = XCConfigurationList;
			buildConfigurations = (
				BE0750D71FEB6C09000B57F9 /* Debug */,
				BE0750D81FEB6C09000B57F9 /* Release */,
			);
			defaultConfigurationIsVisible = 0;
			defaultConfigurationName = Release;
		};
		BE0750D91FEB6C09000B57F9 /* Build configuration list for PBXNativeTarget "XMobile_VER2.0Tests" */ = {
			isa = XCConfigurationList;
			buildConfigurations = (
				BE0750DA1FEB6C09000B57F9 /* Debug */,
				BE0750DB1FEB6C09000B57F9 /* Release */,
			);
			defaultConfigurationIsVisible = 0;
			defaultConfigurationName = Release;
		};
		BE0750DC1FEB6C09000B57F9 /* Build configuration list for PBXNativeTarget "XMobile_VER2.0UITests" */ = {
			isa = XCConfigurationList;
			buildConfigurations = (
				BE0750DD1FEB6C09000B57F9 /* Debug */,
				BE0750DE1FEB6C09000B57F9 /* Release */,
			);
			defaultConfigurationIsVisible = 0;
			defaultConfigurationName = Release;
		};
/* End XCConfigurationList section */
	};
	rootObject = BE0750A61FEB6C08000B57F9 /* Project object */;
}
